
Microsoft Visual Studio Solution File, Format Version 12.00
# Visual Studio Version 16
VisualStudioVersion = 16.0.32510.428
MinimumVisualStudioVersion = 10.0.40219.1
Project("{8BC9CEB8-8B4A-11D0-8D11-00A0C91BC942}") = "DirectX_test", "DirectX_test\DirectX_test.vcxproj", "{812A0172-BD94-45D8-911C-5522E80727A9}"
EndProject
Global
	GlobalSection(SolutionConfigurationPlatforms) = preSolution
		Debug|x64 = Debug|x64
		Debug|x86 = Debug|x86
		Release|x64 = Release|x64
		Release|x86 = Release|x86
	EndGlobalSection
	GlobalSection(ProjectConfigurationPlatforms) = postSolution
		{812A0172-BD94-45D8-911C-5522E80727A9}.Debug|x64.ActiveCfg = Debug|x64
		{812A0172-BD94-45D8-911C-5522E80727A9}.Debug|x64.Build.0 = Debug|x64
		{812A0172-BD94-45D8-911C-5522E80727A9}.Debug|x86.ActiveCfg = Debug|Win32
		{812A0172-BD94-45D8-911C-5522E80727A9}.Debug|x86.Build.0 = Debug|Win32
		{812A0172-BD94-45D8-911C-5522E80727A9}.Release|x64.ActiveCfg = Release|x64
		{812A0172-BD94-45D8-911C-5522E80727A9}.Release|x64.Build.0 = Release|x64
		{812A0172-BD94-45D8-911C-5522E80727A9}.Release|x86.ActiveCfg = Release|Win32
		{812A0172-BD94-45D8-911C-5522E80727A9}.Release|x86.Build.0 = Release|Win32
	EndGlobalSection
	GlobalSection(SolutionProperties) = preSolution
		HideSolutionNode = FALSE
	EndGlobalSection
	GlobalSection(ExtensibilityGlobals) = postSolution
		SolutionGuid = {0B32D4D4-C86D-4834-A8A1-28DEDCD8DDF5}
	EndGlobalSection
EndGlobal
